
Microsoft Visual Studio Solution File, Format Version 12.00
# Visual Studio 15
VisualStudioVersion = 15.0.28307.1758
MinimumVisualStudioVersion = 10.0.40219.1
Project("{FAE04EC0-301F-11D3-BF4B-00C04F79EFBC}") = "QaLight_G6_Git", "QaLight_G6_Git\QaLight_G6_Git.csproj", "{534F2E11-3205-4632-AE82-1B050E33E18D}"
EndProject
Global
	GlobalSection(SolutionConfigurationPlatforms) = preSolution
		Debug|Any CPU = Debug|Any CPU
		Release|Any CPU = Release|Any CPU
	EndGlobalSection
	GlobalSection(ProjectConfigurationPlatforms) = postSolution
		{534F2E11-3205-4632-AE82-1B050E33E18D}.Debug|Any CPU.ActiveCfg = Debug|Any CPU
		{534F2E11-3205-4632-AE82-1B050E33E18D}.Debug|Any CPU.Build.0 = Debug|Any CPU
		{534F2E11-3205-4632-AE82-1B050E33E18D}.Release|Any CPU.ActiveCfg = Release|Any CPU
		{534F2E11-3205-4632-AE82-1B050E33E18D}.Release|Any CPU.Build.0 = Release|Any CPU
	EndGlobalSection
	GlobalSection(SolutionProperties) = preSolution
		HideSolutionNode = FALSE
	EndGlobalSection
	GlobalSection(ExtensibilityGlobals) = postSolution
		SolutionGuid = {D59F3C58-A635-4681-A176-0ACAF0942E3C}
	EndGlobalSection
EndGlobal
